
Microsoft Visual Studio Solution File, Format Version 12.00
# Visual Studio 15
VisualStudioVersion = 15.0.28307.757
MinimumVisualStudioVersion = 10.0.40219.1
Project("{FAE04EC0-301F-11D3-BF4B-00C04F79EFBC}") = "SolidPrincipleAssigment1", "SolidPrincipleAssigment1\SolidPrincipleAssigment1.csproj", "{FA5B4533-E878-4DB3-8C41-F3FA6545FC97}"
EndProject
Global
	GlobalSection(SolutionConfigurationPlatforms) = preSolution
		Debug|Any CPU = Debug|Any CPU
		Release|Any CPU = Release|Any CPU
	EndGlobalSection
	GlobalSection(ProjectConfigurationPlatforms) = postSolution
		{FA5B4533-E878-4DB3-8C41-F3FA6545FC97}.Debug|Any CPU.ActiveCfg = Debug|Any CPU
		{FA5B4533-E878-4DB3-8C41-F3FA6545FC97}.Debug|Any CPU.Build.0 = Debug|Any CPU
		{FA5B4533-E878-4DB3-8C41-F3FA6545FC97}.Release|Any CPU.ActiveCfg = Release|Any CPU
		{FA5B4533-E878-4DB3-8C41-F3FA6545FC97}.Release|Any CPU.Build.0 = Release|Any CPU
	EndGlobalSection
	GlobalSection(SolutionProperties) = preSolution
		HideSolutionNode = FALSE
	EndGlobalSection
	GlobalSection(ExtensibilityGlobals) = postSolution
		SolutionGuid = {638C1818-3F3F-4466-B6AB-0D0CE5EFDA71}
	EndGlobalSection
EndGlobal
